
Microsoft Visual Studio Solution File, Format Version 12.00
# Visual Studio Version 17
VisualStudioVersion = 17.2.32616.157
MinimumVisualStudioVersion = 10.0.40219.1
Project("{FAE04EC0-301F-11D3-BF4B-00C04F79EFBC}") = "StudentManageSystem", "StudentManageSystem\StudentManageSystem.csproj", "{B5138E67-B8EA-4AC8-A9E1-C359E68D5956}"
EndProject
Global
	GlobalSection(SolutionConfigurationPlatforms) = preSolution
		Debug|Any CPU = Debug|Any CPU
		Release|Any CPU = Release|Any CPU
	EndGlobalSection
	GlobalSection(ProjectConfigurationPlatforms) = postSolution
		{B5138E67-B8EA-4AC8-A9E1-C359E68D5956}.Debug|Any CPU.ActiveCfg = Debug|Any CPU
		{B5138E67-B8EA-4AC8-A9E1-C359E68D5956}.Debug|Any CPU.Build.0 = Debug|Any CPU
		{B5138E67-B8EA-4AC8-A9E1-C359E68D5956}.Release|Any CPU.ActiveCfg = Release|Any CPU
		{B5138E67-B8EA-4AC8-A9E1-C359E68D5956}.Release|Any CPU.Build.0 = Release|Any CPU
	EndGlobalSection
	GlobalSection(SolutionProperties) = preSolution
		HideSolutionNode = FALSE
	EndGlobalSection
	GlobalSection(ExtensibilityGlobals) = postSolution
		SolutionGuid = {F7303206-CEA8-49FD-B381-2F638E373655}
	EndGlobalSection
EndGlobal
